
Microsoft Visual Studio Solution File, Format Version 12.00
# Visual Studio Version 17
VisualStudioVersion = 17.2.32616.157
MinimumVisualStudioVersion = 10.0.40219.1
Project("{FAE04EC0-301F-11D3-BF4B-00C04F79EFBC}") = "DecoratorLab", "DecoratorLab\DecoratorLab.csproj", "{17DC4ED5-65CD-46BF-9121-0FA8137ABD75}"
EndProject
Global
	GlobalSection(SolutionConfigurationPlatforms) = preSolution
		Debug|Any CPU = Debug|Any CPU
		Release|Any CPU = Release|Any CPU
	EndGlobalSection
	GlobalSection(ProjectConfigurationPlatforms) = postSolution
		{17DC4ED5-65CD-46BF-9121-0FA8137ABD75}.Debug|Any CPU.ActiveCfg = Debug|Any CPU
		{17DC4ED5-65CD-46BF-9121-0FA8137ABD75}.Debug|Any CPU.Build.0 = Debug|Any CPU
		{17DC4ED5-65CD-46BF-9121-0FA8137ABD75}.Release|Any CPU.ActiveCfg = Release|Any CPU
		{17DC4ED5-65CD-46BF-9121-0FA8137ABD75}.Release|Any CPU.Build.0 = Release|Any CPU
	EndGlobalSection
	GlobalSection(SolutionProperties) = preSolution
		HideSolutionNode = FALSE
	EndGlobalSection
	GlobalSection(ExtensibilityGlobals) = postSolution
		SolutionGuid = {67CFCFD8-8067-40FB-AD0E-B2B735088EF5}
	EndGlobalSection
EndGlobal
