
Microsoft Visual Studio Solution File, Format Version 12.00
# Visual Studio Version 17
VisualStudioVersion = 17.3.32922.545
MinimumVisualStudioVersion = 10.0.40219.1
Project("{FAE04EC0-301F-11D3-BF4B-00C04F79EFBC}") = "DecoratorTextEditor", "DecoratorTextEditor\DecoratorTextEditor.csproj", "{285521A7-2C1C-44D4-BA21-2935D8A94482}"
EndProject
Global
	GlobalSection(SolutionConfigurationPlatforms) = preSolution
		Debug|Any CPU = Debug|Any CPU
		Release|Any CPU = Release|Any CPU
	EndGlobalSection
	GlobalSection(ProjectConfigurationPlatforms) = postSolution
		{285521A7-2C1C-44D4-BA21-2935D8A94482}.Debug|Any CPU.ActiveCfg = Debug|Any CPU
		{285521A7-2C1C-44D4-BA21-2935D8A94482}.Debug|Any CPU.Build.0 = Debug|Any CPU
		{285521A7-2C1C-44D4-BA21-2935D8A94482}.Release|Any CPU.ActiveCfg = Release|Any CPU
		{285521A7-2C1C-44D4-BA21-2935D8A94482}.Release|Any CPU.Build.0 = Release|Any CPU
	EndGlobalSection
	GlobalSection(SolutionProperties) = preSolution
		HideSolutionNode = FALSE
	EndGlobalSection
	GlobalSection(ExtensibilityGlobals) = postSolution
		SolutionGuid = {0E799ED5-B907-407F-8E7F-3BDB15EC4B61}
	EndGlobalSection
EndGlobal
