
Microsoft Visual Studio Solution File, Format Version 12.00
# Visual Studio Version 17
VisualStudioVersion = 17.1.32319.34
MinimumVisualStudioVersion = 10.0.40219.1
Project("{2150E333-8FDC-42A3-9474-1A3956D46DE8}") = "CSC160", "CSC160", "{4BC4F08F-B5CA-4F5C-9842-E865A4DD15D5}"
EndProject
Project("{2150E333-8FDC-42A3-9474-1A3956D46DE8}") = "CSC250", "CSC250", "{6B58B176-5DE1-4C50-83CD-E20641D16274}"
EndProject
Project("{9A19103F-16F7-4668-BE54-9A1E7A4F7556}") = "ConsoleTicTacToe", "ConsoleTicTacToe\ConsoleTicTacToe.csproj", "{CE4AC335-D2CE-4AEC-9613-B49F1608F4D2}"
EndProject
Project("{9A19103F-16F7-4668-BE54-9A1E7A4F7556}") = "Isomorphs", "Isomorphs\Isomorphs.csproj", "{915939E0-00A7-4037-A135-8C3AA5147BBD}"
EndProject
Project("{2150E333-8FDC-42A3-9474-1A3956D46DE8}") = "Excercises", "Excercises", "{B538AA94-1ABB-48ED-B627-897764396B33}"
EndProject
Project("{9A19103F-16F7-4668-BE54-9A1E7A4F7556}") = "Search", "Search\Search.csproj", "{D71265EA-F8FC-44EC-BD7F-1DE58E8F2027}"
EndProject
Project("{2150E333-8FDC-42A3-9474-1A3956D46DE8}") = "Assignments", "Assignments", "{C7451874-03A3-4BB1-857A-855139B1F7F1}"
EndProject
Project("{2150E333-8FDC-42A3-9474-1A3956D46DE8}") = "Excercises", "Excercises", "{F80790CB-3EDC-4C7D-B914-BD99DC8208C2}"
EndProject
Project("{2150E333-8FDC-42A3-9474-1A3956D46DE8}") = "Assignments", "Assignments", "{A4E428BD-7181-4701-8589-90494D226132}"
EndProject
Project("{FAE04EC0-301F-11D3-BF4B-00C04F79EFBC}") = "HelloWorld", "HelloWorld\HelloWorld.csproj", "{37A7B4C2-AF5F-4F26-9B60-DF002A0915E7}"
EndProject
Global
	GlobalSection(SolutionConfigurationPlatforms) = preSolution
		Debug|Any CPU = Debug|Any CPU
		Release|Any CPU = Release|Any CPU
	EndGlobalSection
	GlobalSection(ProjectConfigurationPlatforms) = postSolution
		{CE4AC335-D2CE-4AEC-9613-B49F1608F4D2}.Debug|Any CPU.ActiveCfg = Debug|Any CPU
		{CE4AC335-D2CE-4AEC-9613-B49F1608F4D2}.Debug|Any CPU.Build.0 = Debug|Any CPU
		{CE4AC335-D2CE-4AEC-9613-B49F1608F4D2}.Release|Any CPU.ActiveCfg = Release|Any CPU
		{CE4AC335-D2CE-4AEC-9613-B49F1608F4D2}.Release|Any CPU.Build.0 = Release|Any CPU
		{915939E0-00A7-4037-A135-8C3AA5147BBD}.Debug|Any CPU.ActiveCfg = Debug|Any CPU
		{915939E0-00A7-4037-A135-8C3AA5147BBD}.Debug|Any CPU.Build.0 = Debug|Any CPU
		{915939E0-00A7-4037-A135-8C3AA5147BBD}.Release|Any CPU.ActiveCfg = Release|Any CPU
		{915939E0-00A7-4037-A135-8C3AA5147BBD}.Release|Any CPU.Build.0 = Release|Any CPU
		{D71265EA-F8FC-44EC-BD7F-1DE58E8F2027}.Debug|Any CPU.ActiveCfg = Debug|Any CPU
		{D71265EA-F8FC-44EC-BD7F-1DE58E8F2027}.Debug|Any CPU.Build.0 = Debug|Any CPU
		{D71265EA-F8FC-44EC-BD7F-1DE58E8F2027}.Release|Any CPU.ActiveCfg = Release|Any CPU
		{D71265EA-F8FC-44EC-BD7F-1DE58E8F2027}.Release|Any CPU.Build.0 = Release|Any CPU
		{37A7B4C2-AF5F-4F26-9B60-DF002A0915E7}.Debug|Any CPU.ActiveCfg = Debug|Any CPU
		{37A7B4C2-AF5F-4F26-9B60-DF002A0915E7}.Debug|Any CPU.Build.0 = Debug|Any CPU
		{37A7B4C2-AF5F-4F26-9B60-DF002A0915E7}.Release|Any CPU.ActiveCfg = Release|Any CPU
		{37A7B4C2-AF5F-4F26-9B60-DF002A0915E7}.Release|Any CPU.Build.0 = Release|Any CPU
	EndGlobalSection
	GlobalSection(SolutionProperties) = preSolution
		HideSolutionNode = FALSE
	EndGlobalSection
	GlobalSection(NestedProjects) = preSolution
		{CE4AC335-D2CE-4AEC-9613-B49F1608F4D2} = {A4E428BD-7181-4701-8589-90494D226132}
		{915939E0-00A7-4037-A135-8C3AA5147BBD} = {C7451874-03A3-4BB1-857A-855139B1F7F1}
		{B538AA94-1ABB-48ED-B627-897764396B33} = {6B58B176-5DE1-4C50-83CD-E20641D16274}
		{D71265EA-F8FC-44EC-BD7F-1DE58E8F2027} = {B538AA94-1ABB-48ED-B627-897764396B33}
		{C7451874-03A3-4BB1-857A-855139B1F7F1} = {6B58B176-5DE1-4C50-83CD-E20641D16274}
		{F80790CB-3EDC-4C7D-B914-BD99DC8208C2} = {4BC4F08F-B5CA-4F5C-9842-E865A4DD15D5}
		{A4E428BD-7181-4701-8589-90494D226132} = {4BC4F08F-B5CA-4F5C-9842-E865A4DD15D5}
		{37A7B4C2-AF5F-4F26-9B60-DF002A0915E7} = {F80790CB-3EDC-4C7D-B914-BD99DC8208C2}
	EndGlobalSection
	GlobalSection(ExtensibilityGlobals) = postSolution
		SolutionGuid = {1591692D-D832-463B-BA61-45581B07E5D0}
	EndGlobalSection
EndGlobal
