
Microsoft Visual Studio Solution File, Format Version 12.00
# Visual Studio Version 17
VisualStudioVersion = 17.1.32319.34
MinimumVisualStudioVersion = 10.0.40219.1
Project("{2150E333-8FDC-42A3-9474-1A3956D46DE8}") = "CSC160", "CSC160", "{4BC4F08F-B5CA-4F5C-9842-E865A4DD15D5}"
EndProject
Project("{2150E333-8FDC-42A3-9474-1A3956D46DE8}") = "CSC250", "CSC250", "{6B58B176-5DE1-4C50-83CD-E20641D16274}"
EndProject
Project("{FAE04EC0-301F-11D3-BF4B-00C04F79EFBC}") = "ConsoleTicTacToe", "ConsoleTicTacToe\ConsoleTicTacToe.csproj", "{CE4AC335-D2CE-4AEC-9613-B49F1608F4D2}"
EndProject
Global
	GlobalSection(SolutionConfigurationPlatforms) = preSolution
		Debug|Any CPU = Debug|Any CPU
		Release|Any CPU = Release|Any CPU
	EndGlobalSection
	GlobalSection(ProjectConfigurationPlatforms) = postSolution
		{CE4AC335-D2CE-4AEC-9613-B49F1608F4D2}.Debug|Any CPU.ActiveCfg = Debug|Any CPU
		{CE4AC335-D2CE-4AEC-9613-B49F1608F4D2}.Debug|Any CPU.Build.0 = Debug|Any CPU
		{CE4AC335-D2CE-4AEC-9613-B49F1608F4D2}.Release|Any CPU.ActiveCfg = Release|Any CPU
		{CE4AC335-D2CE-4AEC-9613-B49F1608F4D2}.Release|Any CPU.Build.0 = Release|Any CPU
	EndGlobalSection
	GlobalSection(SolutionProperties) = preSolution
		HideSolutionNode = FALSE
	EndGlobalSection
	GlobalSection(NestedProjects) = preSolution
		{CE4AC335-D2CE-4AEC-9613-B49F1608F4D2} = {4BC4F08F-B5CA-4F5C-9842-E865A4DD15D5}
	EndGlobalSection
	GlobalSection(ExtensibilityGlobals) = postSolution
		SolutionGuid = {1591692D-D832-463B-BA61-45581B07E5D0}
	EndGlobalSection
EndGlobal
