
Microsoft Visual Studio Solution File, Format Version 12.00
# Visual Studio Version 17
VisualStudioVersion = 17.2.32616.157
MinimumVisualStudioVersion = 10.0.40219.1
Project("{FAE04EC0-301F-11D3-BF4B-00C04F79EFBC}") = "Routing", "Routing\Routing.csproj", "{9E6BA4EA-F733-405F-97F6-074BFE177990}"
EndProject
Global
	GlobalSection(SolutionConfigurationPlatforms) = preSolution
		Debug|Any CPU = Debug|Any CPU
		Release|Any CPU = Release|Any CPU
	EndGlobalSection
	GlobalSection(ProjectConfigurationPlatforms) = postSolution
		{9E6BA4EA-F733-405F-97F6-074BFE177990}.Debug|Any CPU.ActiveCfg = Debug|Any CPU
		{9E6BA4EA-F733-405F-97F6-074BFE177990}.Debug|Any CPU.Build.0 = Debug|Any CPU
		{9E6BA4EA-F733-405F-97F6-074BFE177990}.Release|Any CPU.ActiveCfg = Release|Any CPU
		{9E6BA4EA-F733-405F-97F6-074BFE177990}.Release|Any CPU.Build.0 = Release|Any CPU
	EndGlobalSection
	GlobalSection(SolutionProperties) = preSolution
		HideSolutionNode = FALSE
	EndGlobalSection
	GlobalSection(ExtensibilityGlobals) = postSolution
		SolutionGuid = {54390B7B-2562-42D7-9795-9FD538387D32}
	EndGlobalSection
EndGlobal
