
Microsoft Visual Studio Solution File, Format Version 12.00
# Visual Studio Version 17
VisualStudioVersion = 17.3.32922.545
MinimumVisualStudioVersion = 10.0.40219.1
Project("{FAE04EC0-301F-11D3-BF4B-00C04F79EFBC}") = "AuditionAPI", "AuditionAPI\AuditionAPI.csproj", "{6FAFE146-D20A-4507-B8A1-602072F506BF}"
EndProject
Global
	GlobalSection(SolutionConfigurationPlatforms) = preSolution
		Debug|Any CPU = Debug|Any CPU
		Release|Any CPU = Release|Any CPU
	EndGlobalSection
	GlobalSection(ProjectConfigurationPlatforms) = postSolution
		{6FAFE146-D20A-4507-B8A1-602072F506BF}.Debug|Any CPU.ActiveCfg = Debug|Any CPU
		{6FAFE146-D20A-4507-B8A1-602072F506BF}.Debug|Any CPU.Build.0 = Debug|Any CPU
		{6FAFE146-D20A-4507-B8A1-602072F506BF}.Release|Any CPU.ActiveCfg = Release|Any CPU
		{6FAFE146-D20A-4507-B8A1-602072F506BF}.Release|Any CPU.Build.0 = Release|Any CPU
	EndGlobalSection
	GlobalSection(SolutionProperties) = preSolution
		HideSolutionNode = FALSE
	EndGlobalSection
	GlobalSection(ExtensibilityGlobals) = postSolution
		SolutionGuid = {D598F333-7FFC-4108-BB3C-A144B71AD370}
	EndGlobalSection
EndGlobal
