
Microsoft Visual Studio Solution File, Format Version 12.00
# Visual Studio Version 17
VisualStudioVersion = 17.1.32407.343
MinimumVisualStudioVersion = 10.0.40219.1
Project("{FAE04EC0-301F-11D3-BF4B-00C04F79EFBC}") = "SolveNQueens", "SolveNQueens\SolveNQueens.csproj", "{20066CB5-EEC2-4C14-992C-802CCBE75C33}"
EndProject
Project("{FAE04EC0-301F-11D3-BF4B-00C04F79EFBC}") = "NQueensTests", "NQueensTests\NQueensTests.csproj", "{2E2DC70E-22FC-4E65-954E-3F83807530AF}"
EndProject
Project("{9A19103F-16F7-4668-BE54-9A1E7A4F7556}") = "Util", "..\CSProjects\Util\Util.csproj", "{6A15EC29-389C-4D75-9E3C-23059C448E76}"
EndProject
Global
	GlobalSection(SolutionConfigurationPlatforms) = preSolution
		Debug|Any CPU = Debug|Any CPU
		Release|Any CPU = Release|Any CPU
	EndGlobalSection
	GlobalSection(ProjectConfigurationPlatforms) = postSolution
		{20066CB5-EEC2-4C14-992C-802CCBE75C33}.Debug|Any CPU.ActiveCfg = Debug|Any CPU
		{20066CB5-EEC2-4C14-992C-802CCBE75C33}.Debug|Any CPU.Build.0 = Debug|Any CPU
		{20066CB5-EEC2-4C14-992C-802CCBE75C33}.Release|Any CPU.ActiveCfg = Release|Any CPU
		{20066CB5-EEC2-4C14-992C-802CCBE75C33}.Release|Any CPU.Build.0 = Release|Any CPU
		{2E2DC70E-22FC-4E65-954E-3F83807530AF}.Debug|Any CPU.ActiveCfg = Debug|Any CPU
		{2E2DC70E-22FC-4E65-954E-3F83807530AF}.Debug|Any CPU.Build.0 = Debug|Any CPU
		{2E2DC70E-22FC-4E65-954E-3F83807530AF}.Release|Any CPU.ActiveCfg = Release|Any CPU
		{2E2DC70E-22FC-4E65-954E-3F83807530AF}.Release|Any CPU.Build.0 = Release|Any CPU
		{6A15EC29-389C-4D75-9E3C-23059C448E76}.Debug|Any CPU.ActiveCfg = Debug|Any CPU
		{6A15EC29-389C-4D75-9E3C-23059C448E76}.Debug|Any CPU.Build.0 = Debug|Any CPU
		{6A15EC29-389C-4D75-9E3C-23059C448E76}.Release|Any CPU.ActiveCfg = Release|Any CPU
		{6A15EC29-389C-4D75-9E3C-23059C448E76}.Release|Any CPU.Build.0 = Release|Any CPU
	EndGlobalSection
	GlobalSection(SolutionProperties) = preSolution
		HideSolutionNode = FALSE
	EndGlobalSection
	GlobalSection(ExtensibilityGlobals) = postSolution
		SolutionGuid = {26D159C4-01D9-4890-AF0C-76417DA971FC}
	EndGlobalSection
EndGlobal
