
Microsoft Visual Studio Solution File, Format Version 12.00
# Visual Studio Version 17
VisualStudioVersion = 17.2.32616.157
MinimumVisualStudioVersion = 10.0.40219.1
Project("{8BC9CEB8-8B4A-11D0-8D11-00A0C91BC942}") = "Game", "Game\Game.vcxproj", "{65060059-BE70-481D-9948-2D14CA98BE80}"
EndProject
Project("{8BC9CEB8-8B4A-11D0-8D11-00A0C91BC942}") = "Engine", "Engine\Engine.vcxproj", "{B6B75478-2FCF-450D-894D-9000DA15C54D}"
EndProject
Global
	GlobalSection(SolutionConfigurationPlatforms) = preSolution
		Debug|x64 = Debug|x64
		Debug|x86 = Debug|x86
		Release|x64 = Release|x64
		Release|x86 = Release|x86
	EndGlobalSection
	GlobalSection(ProjectConfigurationPlatforms) = postSolution
		{65060059-BE70-481D-9948-2D14CA98BE80}.Debug|x64.ActiveCfg = Debug|x64
		{65060059-BE70-481D-9948-2D14CA98BE80}.Debug|x64.Build.0 = Debug|x64
		{65060059-BE70-481D-9948-2D14CA98BE80}.Debug|x86.ActiveCfg = Debug|Win32
		{65060059-BE70-481D-9948-2D14CA98BE80}.Debug|x86.Build.0 = Debug|Win32
		{65060059-BE70-481D-9948-2D14CA98BE80}.Release|x64.ActiveCfg = Release|x64
		{65060059-BE70-481D-9948-2D14CA98BE80}.Release|x64.Build.0 = Release|x64
		{65060059-BE70-481D-9948-2D14CA98BE80}.Release|x86.ActiveCfg = Release|Win32
		{65060059-BE70-481D-9948-2D14CA98BE80}.Release|x86.Build.0 = Release|Win32
		{B6B75478-2FCF-450D-894D-9000DA15C54D}.Debug|x64.ActiveCfg = Debug|x64
		{B6B75478-2FCF-450D-894D-9000DA15C54D}.Debug|x64.Build.0 = Debug|x64
		{B6B75478-2FCF-450D-894D-9000DA15C54D}.Debug|x86.ActiveCfg = Debug|Win32
		{B6B75478-2FCF-450D-894D-9000DA15C54D}.Debug|x86.Build.0 = Debug|Win32
		{B6B75478-2FCF-450D-894D-9000DA15C54D}.Release|x64.ActiveCfg = Release|x64
		{B6B75478-2FCF-450D-894D-9000DA15C54D}.Release|x64.Build.0 = Release|x64
		{B6B75478-2FCF-450D-894D-9000DA15C54D}.Release|x86.ActiveCfg = Release|Win32
		{B6B75478-2FCF-450D-894D-9000DA15C54D}.Release|x86.Build.0 = Release|Win32
	EndGlobalSection
	GlobalSection(SolutionProperties) = preSolution
		HideSolutionNode = FALSE
	EndGlobalSection
	GlobalSection(ExtensibilityGlobals) = postSolution
		SolutionGuid = {DBD280C9-02AB-433A-8BDB-73C816F95E7A}
	EndGlobalSection
EndGlobal
